// !$*UTF8*$!
{
	archiveVersion = 1;
	classes = {
	};
	objectVersion = 46;
	objects = {

/* Begin PBXBuildFile section */
		035EDEF26DAE974B956E981D /* ReminderStateMachine.swift in Sources */ = {isa = PBXBuildFile; fileRef = 19C875649E8BC661F637023F /* ReminderStateMachine.swift */; };
		0AE01BF6ED449BCE0C938176 /* reminder.aiff in Resources */ = {isa = PBXBuildFile; fileRef = 8888439F9399681C9B08B78C /* reminder.aiff */; };
		108565BCDE07271BCF650B6A /* Cocoa.framework in Frameworks */ = {isa = PBXBuildFile; fileRef = 09D9FCD673FA5C08291185A0 /* Cocoa.framework */; };
		12329255106985DCAC473108 /* hero.png in Resources */ = {isa = PBXBuildFile; fileRef = 08BBEE891B0364AD3849ABC5 /* hero.png */; };
		247BB6A21C441DD7734C2CE3 /* SoundPlayer.swift in Sources */ = {isa = PBXBuildFile; fileRef = FD32FA2C36230BC84CEDEF73 /* SoundPlayer.swift */; };
		2F32CDF814C22BF97B45D26E /* ReminderEngineTests.swift in Sources */ = {isa = PBXBuildFile; fileRef = 6440580A0E02BD32AB14D2C6 /* ReminderEngineTests.swift */; };
		301251DF0F0B34A12EC5F399 /* MenuBarController.swift in Sources */ = {isa = PBXBuildFile; fileRef = BBECCA08B39E823567425EEA /* MenuBarController.swift */; };
		3A22D295A491B104A087EA28 /* UpdateVersionComparatorTests.swift in Sources */ = {isa = PBXBuildFile; fileRef = 224486A3F83B61DD8E3183ED /* UpdateVersionComparatorTests.swift */; };
		4FB86DD988D003EEF3A7FBEE /* bg_pattern.png in Resources */ = {isa = PBXBuildFile; fileRef = E42220C2E11280C4449CE1F6 /* bg_pattern.png */; };
		580BB8D1931F19876090DF44 /* ReminderTypes.swift in Sources */ = {isa = PBXBuildFile; fileRef = EBF2E56B5789615A5FA48065 /* ReminderTypes.swift */; };
		6D9738BC2DA6D69BE26F2F3A /* SettingsView.swift in Sources */ = {isa = PBXBuildFile; fileRef = DA7C7FC14CD924E8160D1748 /* SettingsView.swift */; };
		7483B333B9C97E529FBD8B1F /* ReminderEngine.swift in Sources */ = {isa = PBXBuildFile; fileRef = B83281305E18223F637DE60A /* ReminderEngine.swift */; };
		76AE298F06F8457859ED78E0 /* BreakOverlayPanelController.swift in Sources */ = {isa = PBXBuildFile; fileRef = 6FFF3A80C0E10E4727CAEEB0 /* BreakOverlayPanelController.swift */; };
		7B52A313FB8C5DCCE51BD99C /* SettingsStoreTests.swift in Sources */ = {isa = PBXBuildFile; fileRef = 2BCAF1DC9D08165A2C20235E /* SettingsStoreTests.swift */; };
		7C8DE104BDFB799AF4F0C8C5 /* Cocoa.framework in Frameworks */ = {isa = PBXBuildFile; fileRef = 09D9FCD673FA5C08291185A0 /* Cocoa.framework */; };
		884F8BBE73AA547A790DA251 /* font_body.ttf in Resources */ = {isa = PBXBuildFile; fileRef = 8F4A33388EB48671CC8BECBB /* font_body.ttf */; };
		8C1210937B84F282319B6196 /* AppEntry.swift in Sources */ = {isa = PBXBuildFile; fileRef = 4AE7B622DC94BF486D53DDAD /* AppEntry.swift */; };
		9A2C7F6F02CAAD5B8E323338 /* zh-Hans.strings in Resources */ = {isa = PBXBuildFile; fileRef = 637670EF057F9A7614CFCA45 /* zh-Hans.strings */; };
		A2EE54D8A9DD81CF64123587 /* StateMachineTests.swift in Sources */ = {isa = PBXBuildFile; fileRef = 11BA8E93EE2AF96473BC5599 /* StateMachineTests.swift */; };
		B6500127C024F2F9E5A3C859 /* NotificationService.swift in Sources */ = {isa = PBXBuildFile; fileRef = 7340E20707AF8CC7AFCD2915 /* NotificationService.swift */; };
		C529F7B05E2519F80BA1999D /* icon_clock.png in Resources */ = {isa = PBXBuildFile; fileRef = 399BCCF5A33CFB2AA329BF05 /* icon_clock.png */; };
		CC618CD86AF14183CB046BBD /* Cocoa.framework in Frameworks */ = {isa = PBXBuildFile; fileRef = FFDEF68DFC1B16402522F1E1 /* Cocoa.framework */; };
		CD63D8E7F6E8DD35F494BD90 /* SettingsStore.swift in Sources */ = {isa = PBXBuildFile; fileRef = 3E37117EFCC8742EA1BE1596 /* SettingsStore.swift */; };
		D3272895E0436C3E92B52DFB /* font_title.ttf in Resources */ = {isa = PBXBuildFile; fileRef = 17A156C90C158820E21C4659 /* font_title.ttf */; };
		E4B0A712FE2712A324E0A9EA /* UpdaterController.swift in Sources */ = {isa = PBXBuildFile; fileRef = 7628010D7D30E9BF122D0AA0 /* UpdaterController.swift */; };
		E626B61C6DDE73ED91AEA728 /* UserNotifications.framework in Frameworks */ = {isa = PBXBuildFile; fileRef = 115A1180631ECC88BB4A06A2 /* UserNotifications.framework */; };
		F40020C406155578ACE07B7A /* XCTest.framework in Frameworks */ = {isa = PBXBuildFile; fileRef = 2A68B82309BDA07A2263E03D /* XCTest.framework */; };
		F5A8EA0E21D6CE256E2CF7F0 /* UpdateVersionComparator.swift in Sources */ = {isa = PBXBuildFile; fileRef = ACAFEF39DE7DF522EDB69CB5 /* UpdateVersionComparator.swift */; };
/* End PBXBuildFile section */

/* Begin PBXContainerItemProxy section */
		CB3990C2015EAB60C3AC8985 /* PBXContainerItemProxy */ = {
			isa = PBXContainerItemProxy;
			containerPortal = 77DD20C834EB86FD3AC99AB8 /* Project object */;
			proxyType = 1;
			remoteGlobalIDString = DEAF11F4B745E8B863212752;
			remoteInfo = BreakReminder;
		};
/* End PBXContainerItemProxy section */

/* Begin PBXFileReference section */
		08BBEE891B0364AD3849ABC5 /* hero.png */ = {isa = PBXFileReference; includeInIndex = 1; lastKnownFileType = image.png; path = hero.png; sourceTree = "<group>"; };
		09D9FCD673FA5C08291185A0 /* Cocoa.framework */ = {isa = PBXFileReference; lastKnownFileType = wrapper.framework; name = Cocoa.framework; path = Platforms/MacOSX.platform/Developer/SDKs/MacOSX15.0.sdk/System/Library/Frameworks/Cocoa.framework; sourceTree = DEVELOPER_DIR; };
		115A1180631ECC88BB4A06A2 /* UserNotifications.framework */ = {isa = PBXFileReference; lastKnownFileType = wrapper.framework; name = UserNotifications.framework; path = System/Library/Frameworks/UserNotifications.framework; sourceTree = "<group>"; };
		11BA8E93EE2AF96473BC5599 /* StateMachineTests.swift */ = {isa = PBXFileReference; includeInIndex = 1; lastKnownFileType = sourcecode.swift; path = StateMachineTests.swift; sourceTree = "<group>"; };
		17A156C90C158820E21C4659 /* font_title.ttf */ = {isa = PBXFileReference; includeInIndex = 1; path = font_title.ttf; sourceTree = "<group>"; };
		19C875649E8BC661F637023F /* ReminderStateMachine.swift */ = {isa = PBXFileReference; includeInIndex = 1; lastKnownFileType = sourcecode.swift; path = ReminderStateMachine.swift; sourceTree = "<group>"; };
		224486A3F83B61DD8E3183ED /* UpdateVersionComparatorTests.swift */ = {isa = PBXFileReference; includeInIndex = 1; lastKnownFileType = sourcecode.swift; path = UpdateVersionComparatorTests.swift; sourceTree = "<group>"; };
		229611B97FE88C232CE7E6D0 /* BreakReminder.app */ = {isa = PBXFileReference; explicitFileType = wrapper.application; includeInIndex = 0; path = BreakReminder.app; sourceTree = BUILT_PRODUCTS_DIR; };
		2A68B82309BDA07A2263E03D /* XCTest.framework */ = {isa = PBXFileReference; lastKnownFileType = wrapper.framework; name = XCTest.framework; path = System/Library/Frameworks/XCTest.framework; sourceTree = "<group>"; };
		2BCAF1DC9D08165A2C20235E /* SettingsStoreTests.swift */ = {isa = PBXFileReference; includeInIndex = 1; lastKnownFileType = sourcecode.swift; path = SettingsStoreTests.swift; sourceTree = "<group>"; };
		399BCCF5A33CFB2AA329BF05 /* icon_clock.png */ = {isa = PBXFileReference; includeInIndex = 1; lastKnownFileType = image.png; path = icon_clock.png; sourceTree = "<group>"; };
		3E37117EFCC8742EA1BE1596 /* SettingsStore.swift */ = {isa = PBXFileReference; includeInIndex = 1; lastKnownFileType = sourcecode.swift; path = SettingsStore.swift; sourceTree = "<group>"; };
		4AE7B622DC94BF486D53DDAD /* AppEntry.swift */ = {isa = PBXFileReference; includeInIndex = 1; lastKnownFileType = sourcecode.swift; path = AppEntry.swift; sourceTree = "<group>"; };
		637670EF057F9A7614CFCA45 /* zh-Hans.strings */ = {isa = PBXFileReference; includeInIndex = 1; lastKnownFileType = text.plist.strings; path = "zh-Hans.strings"; sourceTree = "<group>"; };
		6440580A0E02BD32AB14D2C6 /* ReminderEngineTests.swift */ = {isa = PBXFileReference; includeInIndex = 1; lastKnownFileType = sourcecode.swift; path = ReminderEngineTests.swift; sourceTree = "<group>"; };
		6FFF3A80C0E10E4727CAEEB0 /* BreakOverlayPanelController.swift */ = {isa = PBXFileReference; includeInIndex = 1; lastKnownFileType = sourcecode.swift; path = BreakOverlayPanelController.swift; sourceTree = "<group>"; };
		7161AED47F5DBFB525A39FC2 /* BreakReminderTests.xctest */ = {isa = PBXFileReference; explicitFileType = wrapper.cfbundle; includeInIndex = 0; path = BreakReminderTests.xctest; sourceTree = BUILT_PRODUCTS_DIR; };
		7340E20707AF8CC7AFCD2915 /* NotificationService.swift */ = {isa = PBXFileReference; includeInIndex = 1; lastKnownFileType = sourcecode.swift; path = NotificationService.swift; sourceTree = "<group>"; };
		7628010D7D30E9BF122D0AA0 /* UpdaterController.swift */ = {isa = PBXFileReference; includeInIndex = 1; lastKnownFileType = sourcecode.swift; path = UpdaterController.swift; sourceTree = "<group>"; };
		8888439F9399681C9B08B78C /* reminder.aiff */ = {isa = PBXFileReference; includeInIndex = 1; path = reminder.aiff; sourceTree = "<group>"; };
		8F4A33388EB48671CC8BECBB /* font_body.ttf */ = {isa = PBXFileReference; includeInIndex = 1; path = font_body.ttf; sourceTree = "<group>"; };
		ACAFEF39DE7DF522EDB69CB5 /* UpdateVersionComparator.swift */ = {isa = PBXFileReference; includeInIndex = 1; lastKnownFileType = sourcecode.swift; path = UpdateVersionComparator.swift; sourceTree = "<group>"; };
		B83281305E18223F637DE60A /* ReminderEngine.swift */ = {isa = PBXFileReference; includeInIndex = 1; lastKnownFileType = sourcecode.swift; path = ReminderEngine.swift; sourceTree = "<group>"; };
		BBECCA08B39E823567425EEA /* MenuBarController.swift */ = {isa = PBXFileReference; includeInIndex = 1; lastKnownFileType = sourcecode.swift; path = MenuBarController.swift; sourceTree = "<group>"; };
		DA7C7FC14CD924E8160D1748 /* SettingsView.swift */ = {isa = PBXFileReference; includeInIndex = 1; lastKnownFileType = sourcecode.swift; path = SettingsView.swift; sourceTree = "<group>"; };
		E42220C2E11280C4449CE1F6 /* bg_pattern.png */ = {isa = PBXFileReference; includeInIndex = 1; lastKnownFileType = image.png; path = bg_pattern.png; sourceTree = "<group>"; };
		EBF2E56B5789615A5FA48065 /* ReminderTypes.swift */ = {isa = PBXFileReference; includeInIndex = 1; lastKnownFileType = sourcecode.swift; path = ReminderTypes.swift; sourceTree = "<group>"; };
		FD32FA2C36230BC84CEDEF73 /* SoundPlayer.swift */ = {isa = PBXFileReference; includeInIndex = 1; lastKnownFileType = sourcecode.swift; path = SoundPlayer.swift; sourceTree = "<group>"; };
		FFDEF68DFC1B16402522F1E1 /* Cocoa.framework */ = {isa = PBXFileReference; lastKnownFileType = wrapper.framework; name = Cocoa.framework; path = System/Library/Frameworks/Cocoa.framework; sourceTree = "<group>"; };
/* End PBXFileReference section */

/* Begin PBXFrameworksBuildPhase section */
		66EF68E28D6270457DE8AD03 /* Frameworks */ = {
			isa = PBXFrameworksBuildPhase;
			buildActionMask = 2147483647;
			files = (
				7C8DE104BDFB799AF4F0C8C5 /* Cocoa.framework in Frameworks */,
				F40020C406155578ACE07B7A /* XCTest.framework in Frameworks */,
			);
			runOnlyForDeploymentPostprocessing = 0;
		};
		B4187CC5540E3BDF70DE9A05 /* Frameworks */ = {
			isa = PBXFrameworksBuildPhase;
			buildActionMask = 2147483647;
			files = (
				108565BCDE07271BCF650B6A /* Cocoa.framework in Frameworks */,
				CC618CD86AF14183CB046BBD /* Cocoa.framework in Frameworks */,
				E626B61C6DDE73ED91AEA728 /* UserNotifications.framework in Frameworks */,
			);
			runOnlyForDeploymentPostprocessing = 0;
		};
/* End PBXFrameworksBuildPhase section */

/* Begin PBXGroup section */
		1DB0C6929359041B0A35A2AD /* BreakReminderApp */ = {
			isa = PBXGroup;
			children = (
				744520FA4AF7DB73244BF917 /* MenuBar */,
				9032468F7FA92010454E4DD0 /* Timer */,
				EE217DB860EE6D05BE043506 /* Notifications */,
				B4AFF880EB4702DB39DBAF1B /* Overlay */,
				AABF2097BD87A07821C0F9F8 /* Audio */,
				B617C377CF6FA2A493B2E734 /* Settings */,
				50CC6F6ADFE4C3FFD4A2E328 /* Updates */,
				E8CD3F6F511399CD18696B9E /* Resources */,
				4AE7B622DC94BF486D53DDAD /* AppEntry.swift */,
				8F26962854A22E155D215B1A /* DesignAssets */,
			);
			name = BreakReminderApp;
			path = BreakReminderApp;
			sourceTree = "<group>";
		};
		36A64E9C765D0F8690107E5F /* OS X */ = {
			isa = PBXGroup;
			children = (
				09D9FCD673FA5C08291185A0 /* Cocoa.framework */,
			);
			name = "OS X";
			sourceTree = "<group>";
		};
		3CF0E3EFEE3D13888A8A2685 = {
			isa = PBXGroup;
			children = (
				C51C519C9115B8120CB232F2 /* Products */,
				B89508675291FEFE9FF4BE47 /* Frameworks */,
				1DB0C6929359041B0A35A2AD /* BreakReminderApp */,
				D0D95417611A86D2B2B3C75F /* BreakReminderAppTests */,
			);
			sourceTree = "<group>";
		};
		50CC6F6ADFE4C3FFD4A2E328 /* Updates */ = {
			isa = PBXGroup;
			children = (
				7628010D7D30E9BF122D0AA0 /* UpdaterController.swift */,
				ACAFEF39DE7DF522EDB69CB5 /* UpdateVersionComparator.swift */,
			);
			name = Updates;
			path = Updates;
			sourceTree = "<group>";
		};
		5F94B52AA464442CCCFB9EF0 /* Localizable */ = {
			isa = PBXGroup;
			children = (
				637670EF057F9A7614CFCA45 /* zh-Hans.strings */,
			);
			name = Localizable;
			path = Localizable;
			sourceTree = "<group>";
		};
		744520FA4AF7DB73244BF917 /* MenuBar */ = {
			isa = PBXGroup;
			children = (
				BBECCA08B39E823567425EEA /* MenuBarController.swift */,
			);
			name = MenuBar;
			path = MenuBar;
			sourceTree = "<group>";
		};
		8F26962854A22E155D215B1A /* DesignAssets */ = {
			isa = PBXGroup;
			children = (
				08BBEE891B0364AD3849ABC5 /* hero.png */,
				E42220C2E11280C4449CE1F6 /* bg_pattern.png */,
				399BCCF5A33CFB2AA329BF05 /* icon_clock.png */,
				17A156C90C158820E21C4659 /* font_title.ttf */,
				8F4A33388EB48671CC8BECBB /* font_body.ttf */,
			);
			name = DesignAssets;
			path = DesignAssets;
			sourceTree = "<group>";
		};
		9032468F7FA92010454E4DD0 /* Timer */ = {
			isa = PBXGroup;
			children = (
				EBF2E56B5789615A5FA48065 /* ReminderTypes.swift */,
				19C875649E8BC661F637023F /* ReminderStateMachine.swift */,
				B83281305E18223F637DE60A /* ReminderEngine.swift */,
			);
			name = Timer;
			path = Timer;
			sourceTree = "<group>";
		};
		AABF2097BD87A07821C0F9F8 /* Audio */ = {
			isa = PBXGroup;
			children = (
				FD32FA2C36230BC84CEDEF73 /* SoundPlayer.swift */,
			);
			name = Audio;
			path = Audio;
			sourceTree = "<group>";
		};
		B4AFF880EB4702DB39DBAF1B /* Overlay */ = {
			isa = PBXGroup;
			children = (
				6FFF3A80C0E10E4727CAEEB0 /* BreakOverlayPanelController.swift */,
			);
			name = Overlay;
			path = Overlay;
			sourceTree = "<group>";
		};
		B617C377CF6FA2A493B2E734 /* Settings */ = {
			isa = PBXGroup;
			children = (
				3E37117EFCC8742EA1BE1596 /* SettingsStore.swift */,
				DA7C7FC14CD924E8160D1748 /* SettingsView.swift */,
			);
			name = Settings;
			path = Settings;
			sourceTree = "<group>";
		};
		B89508675291FEFE9FF4BE47 /* Frameworks */ = {
			isa = PBXGroup;
			children = (
				36A64E9C765D0F8690107E5F /* OS X */,
				FFDEF68DFC1B16402522F1E1 /* Cocoa.framework */,
				115A1180631ECC88BB4A06A2 /* UserNotifications.framework */,
				2A68B82309BDA07A2263E03D /* XCTest.framework */,
			);
			name = Frameworks;
			sourceTree = "<group>";
		};
		C51C519C9115B8120CB232F2 /* Products */ = {
			isa = PBXGroup;
			children = (
				229611B97FE88C232CE7E6D0 /* BreakReminder.app */,
				7161AED47F5DBFB525A39FC2 /* BreakReminderTests.xctest */,
			);
			name = Products;
			sourceTree = "<group>";
		};
		D0D95417611A86D2B2B3C75F /* BreakReminderAppTests */ = {
			isa = PBXGroup;
			children = (
				11BA8E93EE2AF96473BC5599 /* StateMachineTests.swift */,
				6440580A0E02BD32AB14D2C6 /* ReminderEngineTests.swift */,
				2BCAF1DC9D08165A2C20235E /* SettingsStoreTests.swift */,
				224486A3F83B61DD8E3183ED /* UpdateVersionComparatorTests.swift */,
			);
			name = BreakReminderAppTests;
			path = BreakReminderAppTests;
			sourceTree = "<group>";
		};
		E3A529B67C2DA025BFF921AF /* Sounds */ = {
			isa = PBXGroup;
			children = (
				8888439F9399681C9B08B78C /* reminder.aiff */,
			);
			name = Sounds;
			path = Sounds;
			sourceTree = "<group>";
		};
		E8CD3F6F511399CD18696B9E /* Resources */ = {
			isa = PBXGroup;
			children = (
				E3A529B67C2DA025BFF921AF /* Sounds */,
				5F94B52AA464442CCCFB9EF0 /* Localizable */,
			);
			name = Resources;
			path = Resources;
			sourceTree = "<group>";
		};
		EE217DB860EE6D05BE043506 /* Notifications */ = {
			isa = PBXGroup;
			children = (
				7340E20707AF8CC7AFCD2915 /* NotificationService.swift */,
			);
			name = Notifications;
			path = Notifications;
			sourceTree = "<group>";
		};
/* End PBXGroup section */

/* Begin PBXNativeTarget section */
		10C26B027E9AAFB68715BD69 /* BreakReminderTests */ = {
			isa = PBXNativeTarget;
			buildConfigurationList = 6BC87A6F89962352F21C67DD /* Build configuration list for PBXNativeTarget "BreakReminderTests" */;
			buildPhases = (
				7C79A64706397B59E4CD9388 /* Sources */,
				66EF68E28D6270457DE8AD03 /* Frameworks */,
				63DEDEBC2B48D652B8E54215 /* Resources */,
			);
			buildRules = (
			);
			dependencies = (
				2C422C147BEBECEAF823A4F2 /* PBXTargetDependency */,
			);
			name = BreakReminderTests;
			productName = BreakReminderTests;
			productReference = 7161AED47F5DBFB525A39FC2 /* BreakReminderTests.xctest */;
			productType = "com.apple.product-type.bundle.unit-test";
		};
		DEAF11F4B745E8B863212752 /* BreakReminder */ = {
			isa = PBXNativeTarget;
			buildConfigurationList = 1FEF882594C9D5AA2F3FD99C /* Build configuration list for PBXNativeTarget "BreakReminder" */;
			buildPhases = (
				C054E55854114E3A8DBA6238 /* Sources */,
				B4187CC5540E3BDF70DE9A05 /* Frameworks */,
				624712731DB1962B884F9D44 /* Resources */,
			);
			buildRules = (
			);
			dependencies = (
			);
			name = BreakReminder;
			productName = BreakReminder;
			productReference = 229611B97FE88C232CE7E6D0 /* BreakReminder.app */;
			productType = "com.apple.product-type.application";
		};
/* End PBXNativeTarget section */

/* Begin PBXProject section */
		77DD20C834EB86FD3AC99AB8 /* Project object */ = {
			isa = PBXProject;
			attributes = {
				LastSwiftUpdateCheck = 1600;
				LastUpgradeCheck = 1600;
			};
			buildConfigurationList = CED69ECD0B613585398DDB5B /* Build configuration list for PBXProject "BreakReminder" */;
			compatibilityVersion = "Xcode 3.2";
			developmentRegion = en;
			hasScannedForEncodings = 0;
			knownRegions = (
				en,
				Base,
			);
			mainGroup = 3CF0E3EFEE3D13888A8A2685;
			minimizedProjectReferenceProxies = 0;
			preferredProjectObjectVersion = 77;
			productRefGroup = C51C519C9115B8120CB232F2 /* Products */;
			projectDirPath = "";
			projectRoot = "";
			targets = (
				DEAF11F4B745E8B863212752 /* BreakReminder */,
				10C26B027E9AAFB68715BD69 /* BreakReminderTests */,
			);
		};
/* End PBXProject section */

/* Begin PBXResourcesBuildPhase section */
		624712731DB1962B884F9D44 /* Resources */ = {
			isa = PBXResourcesBuildPhase;
			buildActionMask = 2147483647;
			files = (
				0AE01BF6ED449BCE0C938176 /* reminder.aiff in Resources */,
				9A2C7F6F02CAAD5B8E323338 /* zh-Hans.strings in Resources */,
				12329255106985DCAC473108 /* hero.png in Resources */,
				4FB86DD988D003EEF3A7FBEE /* bg_pattern.png in Resources */,
				C529F7B05E2519F80BA1999D /* icon_clock.png in Resources */,
				D3272895E0436C3E92B52DFB /* font_title.ttf in Resources */,
				884F8BBE73AA547A790DA251 /* font_body.ttf in Resources */,
			);
			runOnlyForDeploymentPostprocessing = 0;
		};
		63DEDEBC2B48D652B8E54215 /* Resources */ = {
			isa = PBXResourcesBuildPhase;
			buildActionMask = 2147483647;
			files = (
			);
			runOnlyForDeploymentPostprocessing = 0;
		};
/* End PBXResourcesBuildPhase section */

/* Begin PBXSourcesBuildPhase section */
		7C79A64706397B59E4CD9388 /* Sources */ = {
			isa = PBXSourcesBuildPhase;
			buildActionMask = 2147483647;
			files = (
				A2EE54D8A9DD81CF64123587 /* StateMachineTests.swift in Sources */,
				2F32CDF814C22BF97B45D26E /* ReminderEngineTests.swift in Sources */,
				7B52A313FB8C5DCCE51BD99C /* SettingsStoreTests.swift in Sources */,
				3A22D295A491B104A087EA28 /* UpdateVersionComparatorTests.swift in Sources */,
			);
			runOnlyForDeploymentPostprocessing = 0;
		};
		C054E55854114E3A8DBA6238 /* Sources */ = {
			isa = PBXSourcesBuildPhase;
			buildActionMask = 2147483647;
			files = (
				8C1210937B84F282319B6196 /* AppEntry.swift in Sources */,
				301251DF0F0B34A12EC5F399 /* MenuBarController.swift in Sources */,
				580BB8D1931F19876090DF44 /* ReminderTypes.swift in Sources */,
				035EDEF26DAE974B956E981D /* ReminderStateMachine.swift in Sources */,
				7483B333B9C97E529FBD8B1F /* ReminderEngine.swift in Sources */,
				B6500127C024F2F9E5A3C859 /* NotificationService.swift in Sources */,
				76AE298F06F8457859ED78E0 /* BreakOverlayPanelController.swift in Sources */,
				247BB6A21C441DD7734C2CE3 /* SoundPlayer.swift in Sources */,
				CD63D8E7F6E8DD35F494BD90 /* SettingsStore.swift in Sources */,
				6D9738BC2DA6D69BE26F2F3A /* SettingsView.swift in Sources */,
				E4B0A712FE2712A324E0A9EA /* UpdaterController.swift in Sources */,
				F5A8EA0E21D6CE256E2CF7F0 /* UpdateVersionComparator.swift in Sources */,
			);
			runOnlyForDeploymentPostprocessing = 0;
		};
/* End PBXSourcesBuildPhase section */

/* Begin PBXTargetDependency section */
		2C422C147BEBECEAF823A4F2 /* PBXTargetDependency */ = {
			isa = PBXTargetDependency;
			name = BreakReminder;
			target = DEAF11F4B745E8B863212752 /* BreakReminder */;
			targetProxy = CB3990C2015EAB60C3AC8985 /* PBXContainerItemProxy */;
		};
/* End PBXTargetDependency section */

/* Begin XCBuildConfiguration section */
		372ABEC1284DCCD49EB50F8B /* Debug */ = {
			isa = XCBuildConfiguration;
			buildSettings = {
				ASSETCATALOG_COMPILER_APPICON_NAME = AppIcon;
				ASSETCATALOG_COMPILER_GLOBAL_ACCENT_COLOR_NAME = AccentColor;
				CLANG_ENABLE_MODULES = YES;
				CODE_SIGNING_ALLOWED = NO;
				CODE_SIGNING_REQUIRED = NO;
				COMBINE_HIDPI_IMAGES = YES;
				ENABLE_HARDENED_RUNTIME = NO;
				GENERATE_INFOPLIST_FILE = YES;
				INFOPLIST_KEY_CFBundleDisplayName = BreakReminder;
				INFOPLIST_KEY_LSApplicationCategoryType = "public.app-category.productivity";
				INFOPLIST_KEY_LSUIElement = YES;
				INFOPLIST_KEY_SUFeedURL = "https://<your-user>.github.io/break-reminder-macos/appcast.xml";
				INFOPLIST_KEY_SUPublicEDKey = REPLACE_WITH_SPARKLE_PUBLIC_KEY;
				LD_RUNPATH_SEARCH_PATHS = "$(inherited) @executable_path/../Frameworks";
				MACOSX_DEPLOYMENT_TARGET = 13.0;
				PRODUCT_BUNDLE_IDENTIFIER = com.example.breakreminder;
				PRODUCT_NAME = BreakReminder;
				SDKROOT = macosx;
				SWIFT_VERSION = 5.8;
			};
			name = Debug;
		};
		3B07076DFD3597498023A618 /* Release */ = {
			isa = XCBuildConfiguration;
			buildSettings = {
				ALWAYS_SEARCH_USER_PATHS = NO;
				CLANG_ANALYZER_NONNULL = YES;
				CLANG_ANALYZER_NUMBER_OBJECT_CONVERSION = YES_AGGRESSIVE;
				CLANG_CXX_LANGUAGE_STANDARD = "gnu++14";
				CLANG_CXX_LIBRARY = "libc++";
				CLANG_ENABLE_MODULES = YES;
				CLANG_ENABLE_OBJC_ARC = YES;
				CLANG_ENABLE_OBJC_WEAK = YES;
				CLANG_WARN_BLOCK_CAPTURE_AUTORELEASING = YES;
				CLANG_WARN_BOOL_CONVERSION = YES;
				CLANG_WARN_COMMA = YES;
				CLANG_WARN_CONSTANT_CONVERSION = YES;
				CLANG_WARN_DEPRECATED_OBJC_IMPLEMENTATIONS = YES;
				CLANG_WARN_DIRECT_OBJC_ISA_USAGE = YES_ERROR;
				CLANG_WARN_DOCUMENTATION_COMMENTS = YES;
				CLANG_WARN_EMPTY_BODY = YES;
				CLANG_WARN_ENUM_CONVERSION = YES;
				CLANG_WARN_INFINITE_RECURSION = YES;
				CLANG_WARN_INT_CONVERSION = YES;
				CLANG_WARN_NON_LITERAL_NULL_CONVERSION = YES;
				CLANG_WARN_OBJC_IMPLICIT_RETAIN_SELF = YES;
				CLANG_WARN_OBJC_LITERAL_CONVERSION = YES;
				CLANG_WARN_OBJC_ROOT_CLASS = YES_ERROR;
				CLANG_WARN_QUOTED_INCLUDE_IN_FRAMEWORK_HEADER = YES;
				CLANG_WARN_RANGE_LOOP_ANALYSIS = YES;
				CLANG_WARN_STRICT_PROTOTYPES = YES;
				CLANG_WARN_SUSPICIOUS_MOVE = YES;
				CLANG_WARN_UNGUARDED_AVAILABILITY = YES_AGGRESSIVE;
				CLANG_WARN_UNREACHABLE_CODE = YES;
				CLANG_WARN__DUPLICATE_METHOD_MATCH = YES;
				COPY_PHASE_STRIP = NO;
				DEBUG_INFORMATION_FORMAT = "dwarf-with-dsym";
				ENABLE_NS_ASSERTIONS = NO;
				ENABLE_STRICT_OBJC_MSGSEND = YES;
				GCC_C_LANGUAGE_STANDARD = gnu11;
				GCC_NO_COMMON_BLOCKS = YES;
				GCC_WARN_64_TO_32_BIT_CONVERSION = YES;
				GCC_WARN_ABOUT_RETURN_TYPE = YES_ERROR;
				GCC_WARN_UNDECLARED_SELECTOR = YES;
				GCC_WARN_UNINITIALIZED_AUTOS = YES_AGGRESSIVE;
				GCC_WARN_UNUSED_FUNCTION = YES;
				GCC_WARN_UNUSED_VARIABLE = YES;
				MACOSX_DEPLOYMENT_TARGET = 13.0;
				MTL_ENABLE_DEBUG_INFO = NO;
				MTL_FAST_MATH = YES;
				PRODUCT_NAME = "$(TARGET_NAME)";
				SWIFT_COMPILATION_MODE = wholemodule;
				SWIFT_OPTIMIZATION_LEVEL = "-O";
				SWIFT_VERSION = 5.8;
			};
			name = Release;
		};
		3DE7E9F03DEBFECD4C841591 /* Debug */ = {
			isa = XCBuildConfiguration;
			buildSettings = {
				CLANG_ENABLE_MODULES = YES;
				CODE_SIGNING_ALLOWED = NO;
				CODE_SIGNING_REQUIRED = NO;
				GENERATE_INFOPLIST_FILE = YES;
				MACOSX_DEPLOYMENT_TARGET = 13.0;
				PRODUCT_BUNDLE_IDENTIFIER = com.example.breakreminder.tests;
				PRODUCT_NAME = BreakReminderTests;
				SDKROOT = macosx;
				SWIFT_VERSION = 5.8;
			};
			name = Debug;
		};
		66FF1EDBE523A9ED6272EC5B /* Release */ = {
			isa = XCBuildConfiguration;
			buildSettings = {
				CLANG_ENABLE_MODULES = YES;
				CODE_SIGNING_ALLOWED = NO;
				CODE_SIGNING_REQUIRED = NO;
				GENERATE_INFOPLIST_FILE = YES;
				MACOSX_DEPLOYMENT_TARGET = 13.0;
				PRODUCT_BUNDLE_IDENTIFIER = com.example.breakreminder.tests;
				PRODUCT_NAME = BreakReminderTests;
				SDKROOT = macosx;
				SWIFT_VERSION = 5.8;
			};
			name = Release;
		};
		869534C54C2F687FB55499A8 /* Debug */ = {
			isa = XCBuildConfiguration;
			buildSettings = {
				ALWAYS_SEARCH_USER_PATHS = NO;
				CLANG_ANALYZER_NONNULL = YES;
				CLANG_ANALYZER_NUMBER_OBJECT_CONVERSION = YES_AGGRESSIVE;
				CLANG_CXX_LANGUAGE_STANDARD = "gnu++14";
				CLANG_CXX_LIBRARY = "libc++";
				CLANG_ENABLE_MODULES = YES;
				CLANG_ENABLE_OBJC_ARC = YES;
				CLANG_ENABLE_OBJC_WEAK = YES;
				CLANG_WARN_BLOCK_CAPTURE_AUTORELEASING = YES;
				CLANG_WARN_BOOL_CONVERSION = YES;
				CLANG_WARN_COMMA = YES;
				CLANG_WARN_CONSTANT_CONVERSION = YES;
				CLANG_WARN_DEPRECATED_OBJC_IMPLEMENTATIONS = YES;
				CLANG_WARN_DIRECT_OBJC_ISA_USAGE = YES_ERROR;
				CLANG_WARN_DOCUMENTATION_COMMENTS = YES;
				CLANG_WARN_EMPTY_BODY = YES;
				CLANG_WARN_ENUM_CONVERSION = YES;
				CLANG_WARN_INFINITE_RECURSION = YES;
				CLANG_WARN_INT_CONVERSION = YES;
				CLANG_WARN_NON_LITERAL_NULL_CONVERSION = YES;
				CLANG_WARN_OBJC_IMPLICIT_RETAIN_SELF = YES;
				CLANG_WARN_OBJC_LITERAL_CONVERSION = YES;
				CLANG_WARN_OBJC_ROOT_CLASS = YES_ERROR;
				CLANG_WARN_QUOTED_INCLUDE_IN_FRAMEWORK_HEADER = YES;
				CLANG_WARN_RANGE_LOOP_ANALYSIS = YES;
				CLANG_WARN_STRICT_PROTOTYPES = YES;
				CLANG_WARN_SUSPICIOUS_MOVE = YES;
				CLANG_WARN_UNGUARDED_AVAILABILITY = YES_AGGRESSIVE;
				CLANG_WARN_UNREACHABLE_CODE = YES;
				CLANG_WARN__DUPLICATE_METHOD_MATCH = YES;
				COPY_PHASE_STRIP = NO;
				DEBUG_INFORMATION_FORMAT = dwarf;
				ENABLE_STRICT_OBJC_MSGSEND = YES;
				ENABLE_TESTABILITY = YES;
				GCC_C_LANGUAGE_STANDARD = gnu11;
				GCC_DYNAMIC_NO_PIC = NO;
				GCC_NO_COMMON_BLOCKS = YES;
				GCC_OPTIMIZATION_LEVEL = 0;
				GCC_PREPROCESSOR_DEFINITIONS = (
					"DEBUG=1",
					"$(inherited)",
				);
				GCC_WARN_64_TO_32_BIT_CONVERSION = YES;
				GCC_WARN_ABOUT_RETURN_TYPE = YES_ERROR;
				GCC_WARN_UNDECLARED_SELECTOR = YES;
				GCC_WARN_UNINITIALIZED_AUTOS = YES_AGGRESSIVE;
				GCC_WARN_UNUSED_FUNCTION = YES;
				GCC_WARN_UNUSED_VARIABLE = YES;
				MACOSX_DEPLOYMENT_TARGET = 13.0;
				MTL_ENABLE_DEBUG_INFO = INCLUDE_SOURCE;
				MTL_FAST_MATH = YES;
				ONLY_ACTIVE_ARCH = YES;
				PRODUCT_NAME = "$(TARGET_NAME)";
				SWIFT_ACTIVE_COMPILATION_CONDITIONS = DEBUG;
				SWIFT_OPTIMIZATION_LEVEL = "-Onone";
				SWIFT_VERSION = 5.8;
			};
			name = Debug;
		};
		CACADEE150905E780AAECC97 /* Release */ = {
			isa = XCBuildConfiguration;
			buildSettings = {
				ASSETCATALOG_COMPILER_APPICON_NAME = AppIcon;
				ASSETCATALOG_COMPILER_GLOBAL_ACCENT_COLOR_NAME = AccentColor;
				CLANG_ENABLE_MODULES = YES;
				CODE_SIGNING_ALLOWED = NO;
				CODE_SIGNING_REQUIRED = NO;
				COMBINE_HIDPI_IMAGES = YES;
				ENABLE_HARDENED_RUNTIME = NO;
				GENERATE_INFOPLIST_FILE = YES;
				INFOPLIST_KEY_CFBundleDisplayName = BreakReminder;
				INFOPLIST_KEY_LSApplicationCategoryType = "public.app-category.productivity";
				INFOPLIST_KEY_LSUIElement = YES;
				INFOPLIST_KEY_SUFeedURL = "https://<your-user>.github.io/break-reminder-macos/appcast.xml";
				INFOPLIST_KEY_SUPublicEDKey = REPLACE_WITH_SPARKLE_PUBLIC_KEY;
				LD_RUNPATH_SEARCH_PATHS = "$(inherited) @executable_path/../Frameworks";
				MACOSX_DEPLOYMENT_TARGET = 13.0;
				PRODUCT_BUNDLE_IDENTIFIER = com.example.breakreminder;
				PRODUCT_NAME = BreakReminder;
				SDKROOT = macosx;
				SWIFT_VERSION = 5.8;
			};
			name = Release;
		};
/* End XCBuildConfiguration section */

/* Begin XCConfigurationList section */
		1FEF882594C9D5AA2F3FD99C /* Build configuration list for PBXNativeTarget "BreakReminder" */ = {
			isa = XCConfigurationList;
			buildConfigurations = (
				CACADEE150905E780AAECC97 /* Release */,
				372ABEC1284DCCD49EB50F8B /* Debug */,
			);
			defaultConfigurationIsVisible = 0;
			defaultConfigurationName = Release;
		};
		6BC87A6F89962352F21C67DD /* Build configuration list for PBXNativeTarget "BreakReminderTests" */ = {
			isa = XCConfigurationList;
			buildConfigurations = (
				66FF1EDBE523A9ED6272EC5B /* Release */,
				3DE7E9F03DEBFECD4C841591 /* Debug */,
			);
			defaultConfigurationIsVisible = 0;
			defaultConfigurationName = Release;
		};
		CED69ECD0B613585398DDB5B /* Build configuration list for PBXProject "BreakReminder" */ = {
			isa = XCConfigurationList;
			buildConfigurations = (
				869534C54C2F687FB55499A8 /* Debug */,
				3B07076DFD3597498023A618 /* Release */,
			);
			defaultConfigurationIsVisible = 0;
			defaultConfigurationName = Release;
		};
/* End XCConfigurationList section */
	};
	rootObject = 77DD20C834EB86FD3AC99AB8 /* Project object */;
}
